
Microsoft Visual Studio Solution File, Format Version 12.00
# Visual Studio Version 16
VisualStudioVersion = 16.0.31025.194
MinimumVisualStudioVersion = 10.0.40219.1
Project("{FAE04EC0-301F-11D3-BF4B-00C04F79EFBC}") = "DataAccess", "DataAccess\DataAccess.csproj", "{5565A636-7234-4FBA-8A89-CD96492C068C}"
EndProject
Project("{FAE04EC0-301F-11D3-BF4B-00C04F79EFBC}") = "Business", "Business\Business.csproj", "{06CDEFC3-5654-45A7-9537-EB220AEBFBCE}"
EndProject
Project("{FAE04EC0-301F-11D3-BF4B-00C04F79EFBC}") = "Entities", "Entities\Entities.csproj", "{BF63328E-E97D-45E2-AD51-DC1FB763213F}"
EndProject
Project("{FAE04EC0-301F-11D3-BF4B-00C04F79EFBC}") = "Console", "Console\Console.csproj", "{F68389CD-FD73-473C-9A2F-E145FCA9C4E1}"
EndProject
Global
	GlobalSection(SolutionConfigurationPlatforms) = preSolution
		Debug|Any CPU = Debug|Any CPU
		Release|Any CPU = Release|Any CPU
	EndGlobalSection
	GlobalSection(ProjectConfigurationPlatforms) = postSolution
		{5565A636-7234-4FBA-8A89-CD96492C068C}.Debug|Any CPU.ActiveCfg = Debug|Any CPU
		{5565A636-7234-4FBA-8A89-CD96492C068C}.Debug|Any CPU.Build.0 = Debug|Any CPU
		{5565A636-7234-4FBA-8A89-CD96492C068C}.Release|Any CPU.ActiveCfg = Release|Any CPU
		{5565A636-7234-4FBA-8A89-CD96492C068C}.Release|Any CPU.Build.0 = Release|Any CPU
		{06CDEFC3-5654-45A7-9537-EB220AEBFBCE}.Debug|Any CPU.ActiveCfg = Debug|Any CPU
		{06CDEFC3-5654-45A7-9537-EB220AEBFBCE}.Debug|Any CPU.Build.0 = Debug|Any CPU
		{06CDEFC3-5654-45A7-9537-EB220AEBFBCE}.Release|Any CPU.ActiveCfg = Release|Any CPU
		{06CDEFC3-5654-45A7-9537-EB220AEBFBCE}.Release|Any CPU.Build.0 = Release|Any CPU
		{BF63328E-E97D-45E2-AD51-DC1FB763213F}.Debug|Any CPU.ActiveCfg = Debug|Any CPU
		{BF63328E-E97D-45E2-AD51-DC1FB763213F}.Debug|Any CPU.Build.0 = Debug|Any CPU
		{BF63328E-E97D-45E2-AD51-DC1FB763213F}.Release|Any CPU.ActiveCfg = Release|Any CPU
		{BF63328E-E97D-45E2-AD51-DC1FB763213F}.Release|Any CPU.Build.0 = Release|Any CPU
		{F68389CD-FD73-473C-9A2F-E145FCA9C4E1}.Debug|Any CPU.ActiveCfg = Debug|Any CPU
		{F68389CD-FD73-473C-9A2F-E145FCA9C4E1}.Debug|Any CPU.Build.0 = Debug|Any CPU
		{F68389CD-FD73-473C-9A2F-E145FCA9C4E1}.Release|Any CPU.ActiveCfg = Release|Any CPU
		{F68389CD-FD73-473C-9A2F-E145FCA9C4E1}.Release|Any CPU.Build.0 = Release|Any CPU
	EndGlobalSection
	GlobalSection(SolutionProperties) = preSolution
		HideSolutionNode = FALSE
	EndGlobalSection
	GlobalSection(ExtensibilityGlobals) = postSolution
		SolutionGuid = {5FC9AC69-3A58-4CF0-8AF1-178569E7015C}
	EndGlobalSection
EndGlobal
